
Microsoft Visual Studio Solution File, Format Version 12.00
# Visual Studio Version 16
VisualStudioVersion = 16.0.31624.102
MinimumVisualStudioVersion = 10.0.40219.1
Project("{FAE04EC0-301F-11D3-BF4B-00C04F79EFBC}") = "QueueSender", "QueueSender.csproj", "{D45AC6C7-F0E7-46EC-8626-272ABB2F47FD}"
EndProject
Project("{FAE04EC0-301F-11D3-BF4B-00C04F79EFBC}") = "QueueReceiver", "..\QueueReceiver\QueueReceiver.csproj", "{8A14F566-3ADD-4754-88FF-F24A94FEAE31}"
EndProject
Global
	GlobalSection(SolutionConfigurationPlatforms) = preSolution
		Debug|Any CPU = Debug|Any CPU
		Release|Any CPU = Release|Any CPU
	EndGlobalSection
	GlobalSection(ProjectConfigurationPlatforms) = postSolution
		{D45AC6C7-F0E7-46EC-8626-272ABB2F47FD}.Debug|Any CPU.ActiveCfg = Debug|Any CPU
		{D45AC6C7-F0E7-46EC-8626-272ABB2F47FD}.Debug|Any CPU.Build.0 = Debug|Any CPU
		{D45AC6C7-F0E7-46EC-8626-272ABB2F47FD}.Release|Any CPU.ActiveCfg = Release|Any CPU
		{D45AC6C7-F0E7-46EC-8626-272ABB2F47FD}.Release|Any CPU.Build.0 = Release|Any CPU
		{8A14F566-3ADD-4754-88FF-F24A94FEAE31}.Debug|Any CPU.ActiveCfg = Debug|Any CPU
		{8A14F566-3ADD-4754-88FF-F24A94FEAE31}.Debug|Any CPU.Build.0 = Debug|Any CPU
		{8A14F566-3ADD-4754-88FF-F24A94FEAE31}.Release|Any CPU.ActiveCfg = Release|Any CPU
		{8A14F566-3ADD-4754-88FF-F24A94FEAE31}.Release|Any CPU.Build.0 = Release|Any CPU
	EndGlobalSection
	GlobalSection(SolutionProperties) = preSolution
		HideSolutionNode = FALSE
	EndGlobalSection
	GlobalSection(ExtensibilityGlobals) = postSolution
		SolutionGuid = {E636DC2E-AAFF-42DD-B550-E42749A56F62}
	EndGlobalSection
EndGlobal
